
Microsoft Visual Studio Solution File, Format Version 12.00
# Visual Studio Version 16
VisualStudioVersion = 16.0.30413.136
MinimumVisualStudioVersion = 10.0.40219.1
Project("{9A19103F-16F7-4668-BE54-9A1E7A4F7556}") = "WebApplication2", "WebApplication2\WebApplication2.csproj", "{17026947-BC3F-4C4E-A954-9B6B34AAACA3}"
EndProject
Global
	GlobalSection(SolutionConfigurationPlatforms) = preSolution
		Debug|Any CPU = Debug|Any CPU
		Release|Any CPU = Release|Any CPU
	EndGlobalSection
	GlobalSection(ProjectConfigurationPlatforms) = postSolution
		{17026947-BC3F-4C4E-A954-9B6B34AAACA3}.Debug|Any CPU.ActiveCfg = Debug|Any CPU
		{17026947-BC3F-4C4E-A954-9B6B34AAACA3}.Debug|Any CPU.Build.0 = Debug|Any CPU
		{17026947-BC3F-4C4E-A954-9B6B34AAACA3}.Release|Any CPU.ActiveCfg = Release|Any CPU
		{17026947-BC3F-4C4E-A954-9B6B34AAACA3}.Release|Any CPU.Build.0 = Release|Any CPU
	EndGlobalSection
	GlobalSection(SolutionProperties) = preSolution
		HideSolutionNode = FALSE
	EndGlobalSection
	GlobalSection(ExtensibilityGlobals) = postSolution
		SolutionGuid = {1BDA7BBD-10C0-49DA-A012-0B916A5A515D}
	EndGlobalSection
EndGlobal
